
Microsoft Visual Studio Solution File, Format Version 12.00
# Visual Studio Version 18
VisualStudioVersion = 18.6.11806.211 stable
MinimumVisualStudioVersion = 10.0.40219.1
Project("{FAE04EC0-301F-11D3-BF4B-00C04F79EFBC}") = "NZWalks.API", "NZWalks.API\NZWalks.API.csproj", "{02CD2552-258B-4978-B454-3059798CF0F8}"
EndProject
Project("{FAE04EC0-301F-11D3-BF4B-00C04F79EFBC}") = "NZWalksAuth.API", "NZWalksAuth.API\NZWalksAuth.API.csproj", "{BEC215DD-6FBF-4473-939D-E1B9C78F1171}"
EndProject
Project("{FAE04EC0-301F-11D3-BF4B-00C04F79EFBC}") = "NZWalksRegions.API", "NZWalksRegions.API\NZWalksRegions.API.csproj", "{97715283-AAA3-4CDF-891D-F0405F028B91}"
EndProject
Global
	GlobalSection(SolutionConfigurationPlatforms) = preSolution
		Debug|Any CPU = Debug|Any CPU
		Release|Any CPU = Release|Any CPU
	EndGlobalSection
	GlobalSection(ProjectConfigurationPlatforms) = postSolution
		{02CD2552-258B-4978-B454-3059798CF0F8}.Debug|Any CPU.ActiveCfg = Debug|Any CPU
		{02CD2552-258B-4978-B454-3059798CF0F8}.Debug|Any CPU.Build.0 = Debug|Any CPU
		{02CD2552-258B-4978-B454-3059798CF0F8}.Release|Any CPU.ActiveCfg = Release|Any CPU
		{02CD2552-258B-4978-B454-3059798CF0F8}.Release|Any CPU.Build.0 = Release|Any CPU
		{BEC215DD-6FBF-4473-939D-E1B9C78F1171}.Debug|Any CPU.ActiveCfg = Debug|Any CPU
		{BEC215DD-6FBF-4473-939D-E1B9C78F1171}.Debug|Any CPU.Build.0 = Debug|Any CPU
		{BEC215DD-6FBF-4473-939D-E1B9C78F1171}.Release|Any CPU.ActiveCfg = Release|Any CPU
		{BEC215DD-6FBF-4473-939D-E1B9C78F1171}.Release|Any CPU.Build.0 = Release|Any CPU
		{97715283-AAA3-4CDF-891D-F0405F028B91}.Debug|Any CPU.ActiveCfg = Debug|Any CPU
		{97715283-AAA3-4CDF-891D-F0405F028B91}.Debug|Any CPU.Build.0 = Debug|Any CPU
		{97715283-AAA3-4CDF-891D-F0405F028B91}.Release|Any CPU.ActiveCfg = Release|Any CPU
		{97715283-AAA3-4CDF-891D-F0405F028B91}.Release|Any CPU.Build.0 = Release|Any CPU
	EndGlobalSection
	GlobalSection(SolutionProperties) = preSolution
		HideSolutionNode = FALSE
	EndGlobalSection
	GlobalSection(ExtensibilityGlobals) = postSolution
		SolutionGuid = {B9460C6E-D5EF-4206-B5AB-5EE58360E6CC}
	EndGlobalSection
EndGlobal
